{
  "name": "extract_constants",
  "version": "1.0.0",
  "lockfileVersion": 2,
  "requires": true,
  "packages": {
    "": {
      "name": "extract_constants",
      "version": "1.0.0",
      "license": "ISC",
      "dependencies": {
        "@0xpolygonhermez/zkevm-proverjs": "../../zkevm-proverjs",
        "ffjavascript": "^0.2.57",
        "pilcom": "github:0xPolygonHermez/pilcom#a15fd19215431037bee1797ca9675dd9aafd8d8f"
      }
    },
    "../../zkevm-proverjs": {
      "name": "@0xpolygonhermez/zkevm-proverjs",
      "version": "0.0.6",
      "license": "UNLICENSED",
      "dependencies": {
        "@0xpolygonhermez/zkasmcom": "https://github.com/0xPolygonHermez/zkasmcom.git#mandarin",
        "@0xpolygonhermez/zkevm-commonjs": "https://github.com/0xpolygonhermez/zkevm-commonjs.git#mandarin",
        "@0xpolygonhermez/zkevm-rom": "https://github.com/0xpolygonhermez/zkevm-rom.git#mandarin",
        "chalk": "^3.0.0",
        "circomlib": "^2.0.3",
        "circomlibjs": "0.1.1",
        "ejs": "^3.1.6",
        "ethers": "^5.4.7",
        "ffjavascript": "^0.2.55",
        "fs": "^0.0.1-security",
        "pil-stark": "^0.0.21",
        "pilcom": "^0.0.17",
        "snarkjs": "^0.4.24",
        "yargs": "^17.4.0"
      },
      "devDependencies": {
        "chai": "^4.3.4",
        "circom_tester": "^0.0.9",
        "mocha": "^9.1.3"
      }
    },
    "node_modules/@0xpolygonhermez/zkevm-proverjs": {
      "resolved": "../../zkevm-proverjs",
      "link": true
    },
    "node_modules/ffjavascript": {
      "version": "0.2.57",
      "resolved": "https://registry.npmjs.org/ffjavascript/-/ffjavascript-0.2.57.tgz",
      "integrity": "sha512-V+vxZ/zPNcthrWmqfe/1YGgqdkTamJeXiED0tsk7B84g40DKlrTdx47IqZuiygqAVG6zMw4qYuvXftIJWsmfKQ==",
      "dependencies": {
        "wasmbuilder": "0.0.16",
        "wasmcurves": "0.2.0",
        "web-worker": "^1.2.0"
      }
    },
    "node_modules/pilcom": {
      "version": "0.0.19",
      "resolved": "git+ssh://git@github.com/0xPolygonHermez/pilcom.git#a15fd19215431037bee1797ca9675dd9aafd8d8f",
      "integrity": "sha512-9w1LmtH8W1YOZzhg+NpHjooIVKkciZ4Ikunkj2ZfdGcA4k68uWQqjAnPak1cr5pLx85SdIePHRnVk7oltNbKwg==",
      "license": "UNLICENSED",
      "bin": {
        "pilcom": "src/pil.js",
        "pilverifier": "src/main_pilverifier.js"
      }
    },
    "node_modules/wasmbuilder": {
      "version": "0.0.16",
      "resolved": "https://registry.npmjs.org/wasmbuilder/-/wasmbuilder-0.0.16.tgz",
      "integrity": "sha512-Qx3lEFqaVvp1cEYW7Bfi+ebRJrOiwz2Ieu7ZG2l7YyeSJIok/reEQCQCuicj/Y32ITIJuGIM9xZQppGx5LrQdA=="
    },
    "node_modules/wasmcurves": {
      "version": "0.2.0",
      "resolved": "https://registry.npmjs.org/wasmcurves/-/wasmcurves-0.2.0.tgz",
      "integrity": "sha512-3e2rbxdujOwaod657gxgmdhZNn+i1qKdHO3Y/bK+8E7bV8ttV/fu5FO4/WLBACF375cK0QDLOP+65Na63qYuWA==",
      "dependencies": {
        "wasmbuilder": "0.0.16"
      }
    },
    "node_modules/web-worker": {
      "version": "1.2.0",
      "resolved": "https://registry.npmjs.org/web-worker/-/web-worker-1.2.0.tgz",
      "integrity": "sha512-PgF341avzqyx60neE9DD+XS26MMNMoUQRz9NOZwW32nPQrF6p77f1htcnjBSEV8BGMKZ16choqUG4hyI0Hx7mA=="
    }
  },
  "dependencies": {
    "@0xpolygonhermez/zkevm-proverjs": {
      "version": "file:../../zkevm-proverjs",
      "requires": {
        "@0xpolygonhermez/zkasmcom": "https://github.com/0xPolygonHermez/zkasmcom.git#mandarin",
        "@0xpolygonhermez/zkevm-commonjs": "https://github.com/0xpolygonhermez/zkevm-commonjs.git#mandarin",
        "@0xpolygonhermez/zkevm-rom": "https://github.com/0xpolygonhermez/zkevm-rom.git#mandarin",
        "chai": "^4.3.4",
        "chalk": "^3.0.0",
        "circom_tester": "^0.0.9",
        "circomlib": "^2.0.3",
        "circomlibjs": "0.1.1",
        "ejs": "^3.1.6",
        "ethers": "^5.4.7",
        "ffjavascript": "^0.2.55",
        "fs": "^0.0.1-security",
        "mocha": "^9.1.3",
        "pil-stark": "^0.0.21",
        "pilcom": "^0.0.17",
        "snarkjs": "^0.4.24",
        "yargs": "^17.4.0"
      }
    },
    "ffjavascript": {
      "version": "0.2.57",
      "resolved": "https://registry.npmjs.org/ffjavascript/-/ffjavascript-0.2.57.tgz",
      "integrity": "sha512-V+vxZ/zPNcthrWmqfe/1YGgqdkTamJeXiED0tsk7B84g40DKlrTdx47IqZuiygqAVG6zMw4qYuvXftIJWsmfKQ==",
      "requires": {
        "wasmbuilder": "0.0.16",
        "wasmcurves": "0.2.0",
        "web-worker": "^1.2.0"
      }
    },
    "pilcom": {
      "version": "git+ssh://git@github.com/0xPolygonHermez/pilcom.git#a15fd19215431037bee1797ca9675dd9aafd8d8f",
      "integrity": "sha512-9w1LmtH8W1YOZzhg+NpHjooIVKkciZ4Ikunkj2ZfdGcA4k68uWQqjAnPak1cr5pLx85SdIePHRnVk7oltNbKwg==",
      "from": "pilcom@github:0xPolygonHermez/pilcom#a15fd19215431037bee1797ca9675dd9aafd8d8f"
    },
    "wasmbuilder": {
      "version": "0.0.16",
      "resolved": "https://registry.npmjs.org/wasmbuilder/-/wasmbuilder-0.0.16.tgz",
      "integrity": "sha512-Qx3lEFqaVvp1cEYW7Bfi+ebRJrOiwz2Ieu7ZG2l7YyeSJIok/reEQCQCuicj/Y32ITIJuGIM9xZQppGx5LrQdA=="
    },
    "wasmcurves": {
      "version": "0.2.0",
      "resolved": "https://registry.npmjs.org/wasmcurves/-/wasmcurves-0.2.0.tgz",
      "integrity": "sha512-3e2rbxdujOwaod657gxgmdhZNn+i1qKdHO3Y/bK+8E7bV8ttV/fu5FO4/WLBACF375cK0QDLOP+65Na63qYuWA==",
      "requires": {
        "wasmbuilder": "0.0.16"
      }
    },
    "web-worker": {
      "version": "1.2.0",
      "resolved": "https://registry.npmjs.org/web-worker/-/web-worker-1.2.0.tgz",
      "integrity": "sha512-PgF341avzqyx60neE9DD+XS26MMNMoUQRz9NOZwW32nPQrF6p77f1htcnjBSEV8BGMKZ16choqUG4hyI0Hx7mA=="
    }
  }
}
